
Microsoft Visual Studio Solution File, Format Version 12.00
# Visual Studio Version 17
VisualStudioVersion = 17.5.002.0
MinimumVisualStudioVersion = 10.0.40219.1
Project("{9A19103F-16F7-4668-BE54-9A1E7A4F7556}") = "ZeOrganizeFront", "ZeOrganizeBack\ZeOrganizeFront.csproj", "{55E34826-7761-4539-BDA5-60BD18011175}"
EndProject
Project("{9A19103F-16F7-4668-BE54-9A1E7A4F7556}") = "ZeOrganizeFront (1)", "ZeOrganizeFront\ZeOrganizeFront.csproj", "{19EFC7F6-6541-4FA3-8ACC-DD9C81088056}"
EndProject
Global
	GlobalSection(SolutionConfigurationPlatforms) = preSolution
		Debug|Any CPU = Debug|Any CPU
		Release|Any CPU = Release|Any CPU
	EndGlobalSection
	GlobalSection(ProjectConfigurationPlatforms) = postSolution
		{55E34826-7761-4539-BDA5-60BD18011175}.Debug|Any CPU.ActiveCfg = Debug|Any CPU
		{55E34826-7761-4539-BDA5-60BD18011175}.Debug|Any CPU.Build.0 = Debug|Any CPU
		{55E34826-7761-4539-BDA5-60BD18011175}.Release|Any CPU.ActiveCfg = Release|Any CPU
		{55E34826-7761-4539-BDA5-60BD18011175}.Release|Any CPU.Build.0 = Release|Any CPU
		{19EFC7F6-6541-4FA3-8ACC-DD9C81088056}.Debug|Any CPU.ActiveCfg = Debug|Any CPU
		{19EFC7F6-6541-4FA3-8ACC-DD9C81088056}.Debug|Any CPU.Build.0 = Debug|Any CPU
		{19EFC7F6-6541-4FA3-8ACC-DD9C81088056}.Release|Any CPU.ActiveCfg = Release|Any CPU
		{19EFC7F6-6541-4FA3-8ACC-DD9C81088056}.Release|Any CPU.Build.0 = Release|Any CPU
	EndGlobalSection
	GlobalSection(SolutionProperties) = preSolution
		HideSolutionNode = FALSE
	EndGlobalSection
	GlobalSection(ExtensibilityGlobals) = postSolution
		SolutionGuid = {9908180C-ED8F-4425-B1A6-260F661352F5}
	EndGlobalSection
EndGlobal
